
Microsoft Visual Studio Solution File, Format Version 12.00
# Visual Studio Version 16
VisualStudioVersion = 16.0.31424.327
MinimumVisualStudioVersion = 10.0.40219.1
Project("{FAE04EC0-301F-11D3-BF4B-00C04F79EFBC}") = "JogoDaVelha", "JogoDaVelha\JogoDaVelha.csproj", "{3A899F10-B04C-4A7F-B62B-2EC9D1DFEE39}"
EndProject
Global
	GlobalSection(SolutionConfigurationPlatforms) = preSolution
		Debug|Any CPU = Debug|Any CPU
		Release|Any CPU = Release|Any CPU
	EndGlobalSection
	GlobalSection(ProjectConfigurationPlatforms) = postSolution
		{3A899F10-B04C-4A7F-B62B-2EC9D1DFEE39}.Debug|Any CPU.ActiveCfg = Debug|Any CPU
		{3A899F10-B04C-4A7F-B62B-2EC9D1DFEE39}.Debug|Any CPU.Build.0 = Debug|Any CPU
		{3A899F10-B04C-4A7F-B62B-2EC9D1DFEE39}.Release|Any CPU.ActiveCfg = Release|Any CPU
		{3A899F10-B04C-4A7F-B62B-2EC9D1DFEE39}.Release|Any CPU.Build.0 = Release|Any CPU
	EndGlobalSection
	GlobalSection(SolutionProperties) = preSolution
		HideSolutionNode = FALSE
	EndGlobalSection
	GlobalSection(ExtensibilityGlobals) = postSolution
		SolutionGuid = {DBDA03B6-0CFE-4E6C-B7A9-930D095A2DC3}
	EndGlobalSection
EndGlobal
